
Microsoft Visual Studio Solution File, Format Version 12.00
# Visual Studio Version 17
VisualStudioVersion = 17.11.35208.52
MinimumVisualStudioVersion = 10.0.40219.1
Project("{FAE04EC0-301F-11D3-BF4B-00C04F79EFBC}") = "RazorPagesEstudo", "RazorPagesEstudo\RazorPagesEstudo.csproj", "{5A4906A3-A98A-463A-A784-96DFBAB01FBA}"
EndProject
Global
	GlobalSection(SolutionConfigurationPlatforms) = preSolution
		Debug|Any CPU = Debug|Any CPU
		Release|Any CPU = Release|Any CPU
	EndGlobalSection
	GlobalSection(ProjectConfigurationPlatforms) = postSolution
		{5A4906A3-A98A-463A-A784-96DFBAB01FBA}.Debug|Any CPU.ActiveCfg = Debug|Any CPU
		{5A4906A3-A98A-463A-A784-96DFBAB01FBA}.Debug|Any CPU.Build.0 = Debug|Any CPU
		{5A4906A3-A98A-463A-A784-96DFBAB01FBA}.Release|Any CPU.ActiveCfg = Release|Any CPU
		{5A4906A3-A98A-463A-A784-96DFBAB01FBA}.Release|Any CPU.Build.0 = Release|Any CPU
	EndGlobalSection
	GlobalSection(SolutionProperties) = preSolution
		HideSolutionNode = FALSE
	EndGlobalSection
	GlobalSection(ExtensibilityGlobals) = postSolution
		SolutionGuid = {7F37BD13-69AE-4A87-909E-F1B90BB4E5B9}
	EndGlobalSection
EndGlobal
